
Microsoft Visual Studio Solution File, Format Version 12.00
# Visual Studio 15
VisualStudioVersion = 15.0.28307.329
MinimumVisualStudioVersion = 10.0.40219.1
Project("{FAE04EC0-301F-11D3-BF4B-00C04F79EFBC}") = "SmsApi", "SmsApi\SmsApi.csproj", "{5A5ED8FE-E97E-4007-94CC-E1E48CF7978E}"
EndProject
Project("{FAE04EC0-301F-11D3-BF4B-00C04F79EFBC}") = "SmsApi.DemoApp", "SmsApi.DemoApp\SmsApi.DemoApp.csproj", "{DE76F43C-D0A4-45FE-BDB1-50573CCD06A2}"
EndProject
Global
	GlobalSection(SolutionConfigurationPlatforms) = preSolution
		Debug|Any CPU = Debug|Any CPU
		Release|Any CPU = Release|Any CPU
	EndGlobalSection
	GlobalSection(ProjectConfigurationPlatforms) = postSolution
		{5A5ED8FE-E97E-4007-94CC-E1E48CF7978E}.Debug|Any CPU.ActiveCfg = Debug|Any CPU
		{5A5ED8FE-E97E-4007-94CC-E1E48CF7978E}.Debug|Any CPU.Build.0 = Debug|Any CPU
		{5A5ED8FE-E97E-4007-94CC-E1E48CF7978E}.Release|Any CPU.ActiveCfg = Release|Any CPU
		{5A5ED8FE-E97E-4007-94CC-E1E48CF7978E}.Release|Any CPU.Build.0 = Release|Any CPU
		{DE76F43C-D0A4-45FE-BDB1-50573CCD06A2}.Debug|Any CPU.ActiveCfg = Debug|Any CPU
		{DE76F43C-D0A4-45FE-BDB1-50573CCD06A2}.Debug|Any CPU.Build.0 = Debug|Any CPU
		{DE76F43C-D0A4-45FE-BDB1-50573CCD06A2}.Release|Any CPU.ActiveCfg = Release|Any CPU
		{DE76F43C-D0A4-45FE-BDB1-50573CCD06A2}.Release|Any CPU.Build.0 = Release|Any CPU
	EndGlobalSection
	GlobalSection(SolutionProperties) = preSolution
		HideSolutionNode = FALSE
	EndGlobalSection
	GlobalSection(ExtensibilityGlobals) = postSolution
		SolutionGuid = {62F37865-4EAF-49BA-B87E-C3BFC0FF7B0C}
	EndGlobalSection
EndGlobal
